
Microsoft Visual Studio Solution File, Format Version 12.00
# Visual Studio 15
VisualStudioVersion = 15.0.26430.12
MinimumVisualStudioVersion = 10.0.40219.1
Project("{E24C65DC-7377-472B-9ABA-BC803B73C61A}") = "IdeaCaseForSummer2017_DBcreation", ".", "{290C5040-5BCD-4F4F-9841-C968462650F4}"
	ProjectSection(WebsiteProperties) = preProject
		TargetFrameworkMoniker = ".NETFramework,Version%3Dv4.0"
		Debug.AspNetCompiler.VirtualPath = "/localhost_51999"
		Debug.AspNetCompiler.PhysicalPath = "..\IdeaCaseForSummer2017_DBcreation\"
		Debug.AspNetCompiler.TargetPath = "PrecompiledWeb\localhost_51999\"
		Debug.AspNetCompiler.Updateable = "true"
		Debug.AspNetCompiler.ForceOverwrite = "true"
		Debug.AspNetCompiler.FixedNames = "false"
		Debug.AspNetCompiler.Debug = "True"
		Release.AspNetCompiler.VirtualPath = "/localhost_51999"
		Release.AspNetCompiler.PhysicalPath = "..\IdeaCaseForSummer2017_DBcreation\"
		Release.AspNetCompiler.TargetPath = "PrecompiledWeb\localhost_51999\"
		Release.AspNetCompiler.Updateable = "true"
		Release.AspNetCompiler.ForceOverwrite = "true"
		Release.AspNetCompiler.FixedNames = "false"
		Release.AspNetCompiler.Debug = "False"
		VWDPort = "51999"
		SlnRelativePath = "..\IdeaCaseForSummer2017_DBcreation\"
	EndProjectSection
EndProject
Global
	GlobalSection(SolutionConfigurationPlatforms) = preSolution
		Debug|Any CPU = Debug|Any CPU
	EndGlobalSection
	GlobalSection(ProjectConfigurationPlatforms) = postSolution
		{290C5040-5BCD-4F4F-9841-C968462650F4}.Debug|Any CPU.ActiveCfg = Debug|Any CPU
		{290C5040-5BCD-4F4F-9841-C968462650F4}.Debug|Any CPU.Build.0 = Debug|Any CPU
	EndGlobalSection
	GlobalSection(SolutionProperties) = preSolution
		HideSolutionNode = FALSE
	EndGlobalSection
EndGlobal
